// !$*UTF8*$!
{
	archiveVersion = 1;
	classes = {
	};
	objectVersion = 46;
	objects = {

/* Begin PBXBuildFile section */
		5BCE00FA1C5DB25A004C2B3A /* main.swift in Sources */ = {isa = PBXBuildFile; fileRef = 5BCE00F91C5DB25A004C2B3A /* main.swift */; };
/* End PBXBuildFile section */

/* Begin PBXCopyFilesBuildPhase section */
		5BCE00F41C5DB25A004C2B3A /* CopyFiles */ = {
			isa = PBXCopyFilesBuildPhase;
			buildActionMask = 2147483647;
			dstPath = /usr/share/man/man1/;
			dstSubfolderSpec = 0;
			files = (
			);
			runOnlyForDeploymentPostprocessing = 1;
		};
/* End PBXCopyFilesBuildPhase section */

/* Begin PBXFileReference section */
		5BCE00F61C5DB25A004C2B3A /* HuangYen-Jung-hw1 */ = {isa = PBXFileReference; explicitFileType = "compiled.mach-o.executable"; includeInIndex = 0; path = "HuangYen-Jung-hw1"; sourceTree = BUILT_PRODUCTS_DIR; };
		5BCE00F91C5DB25A004C2B3A /* main.swift */ = {isa = PBXFileReference; lastKnownFileType = sourcecode.swift; path = main.swift; sourceTree = "<group>"; };
/* End PBXFileReference section */

/* Begin PBXFrameworksBuildPhase section */
		5BCE00F31C5DB25A004C2B3A /* Frameworks */ = {
			isa = PBXFrameworksBuildPhase;
			buildActionMask = 2147483647;
			files = (
			);
			runOnlyForDeploymentPostprocessing = 0;
		};
/* End PBXFrameworksBuildPhase section */

/* Begin PBXGroup section */
		5BCE00ED1C5DB25A004C2B3A = {
			isa = PBXGroup;
			children = (
				5BCE00F81C5DB25A004C2B3A /* HuangYen-Jung-hw1 */,
				5BCE00F71C5DB25A004C2B3A /* Products */,
			);
			sourceTree = "<group>";
		};
		5BCE00F71C5DB25A004C2B3A /* Products */ = {
			isa = PBXGroup;
			children = (
				5BCE00F61C5DB25A004C2B3A /* HuangYen-Jung-hw1 */,
			);
			name = Products;
			sourceTree = "<group>";
		};
		5BCE00F81C5DB25A004C2B3A /* HuangYen-Jung-hw1 */ = {
			isa = PBXGroup;
			children = (
				5BCE00F91C5DB25A004C2B3A /* main.swift */,
			);
			path = "HuangYen-Jung-hw1";
			sourceTree = "<group>";
		};
/* End PBXGroup section */

/* Begin PBXNativeTarget section */
		5BCE00F51C5DB25A004C2B3A /* HuangYen-Jung-hw1 */ = {
			isa = PBXNativeTarget;
			buildConfigurationList = 5BCE00FD1C5DB25A004C2B3A /* Build configuration list for PBXNativeTarget "HuangYen-Jung-hw1" */;
			buildPhases = (
				5BCE00F21C5DB25A004C2B3A /* Sources */,
				5BCE00F31C5DB25A004C2B3A /* Frameworks */,
				5BCE00F41C5DB25A004C2B3A /* CopyFiles */,
			);
			buildRules = (
			);
			dependencies = (
			);
			name = "HuangYen-Jung-hw1";
			productName = "HuangYen-Jung-hw1";
			productReference = 5BCE00F61C5DB25A004C2B3A /* HuangYen-Jung-hw1 */;
			productType = "com.apple.product-type.tool";
		};
/* End PBXNativeTarget section */

/* Begin PBXProject section */
		5BCE00EE1C5DB25A004C2B3A /* Project object */ = {
			isa = PBXProject;
			attributes = {
				LastSwiftUpdateCheck = 0720;
				LastUpgradeCheck = 0720;
				ORGANIZATIONNAME = "Martin Huang";
				TargetAttributes = {
					5BCE00F51C5DB25A004C2B3A = {
						CreatedOnToolsVersion = 7.2;
					};
				};
			};
			buildConfigurationList = 5BCE00F11C5DB25A004C2B3A /* Build configuration list for PBXProject "HuangYen-Jung-hw1" */;
			compatibilityVersion = "Xcode 3.2";
			developmentRegion = English;
			hasScannedForEncodings = 0;
			knownRegions = (
				en,
			);
			mainGroup = 5BCE00ED1C5DB25A004C2B3A;
			productRefGroup = 5BCE00F71C5DB25A004C2B3A /* Products */;
			projectDirPath = "";
			projectRoot = "";
			targets = (
				5BCE00F51C5DB25A004C2B3A /* HuangYen-Jung-hw1 */,
			);
		};
/* End PBXProject section */

/* Begin PBXSourcesBuildPhase section */
		5BCE00F21C5DB25A004C2B3A /* Sources */ = {
			isa = PBXSourcesBuildPhase;
			buildActionMask = 2147483647;
			files = (
				5BCE00FA1C5DB25A004C2B3A /* main.swift in Sources */,
			);
			runOnlyForDeploymentPostprocessing = 0;
		};
/* End PBXSourcesBuildPhase section */

/* Begin XCBuildConfiguration section */
		5BCE00FB1C5DB25A004C2B3A /* Debug */ = {
			isa = XCBuildConfiguration;
			buildSettings = {
				ALWAYS_SEARCH_USER_PATHS = NO;
				CLANG_CXX_LANGUAGE_STANDARD = "gnu++0x";
				CLANG_CXX_LIBRARY = "libc++";
				CLANG_ENABLE_MODULES = YES;
				CLANG_ENABLE_OBJC_ARC = YES;
				CLANG_WARN_BOOL_CONVERSION = YES;
				CLANG_WARN_CONSTANT_CONVERSION = YES;
				CLANG_WARN_DIRECT_OBJC_ISA_USAGE = YES_ERROR;
				CLANG_WARN_EMPTY_BODY = YES;
				CLANG_WARN_ENUM_CONVERSION = YES;
				CLANG_WARN_INT_CONVERSION = YES;
				CLANG_WARN_OBJC_ROOT_CLASS = YES_ERROR;
				CLANG_WARN_UNREACHABLE_CODE = YES;
				CLANG_WARN__DUPLICATE_METHOD_MATCH = YES;
				CODE_SIGN_IDENTITY = "-";
				COPY_PHASE_STRIP = NO;
				DEBUG_INFORMATION_FORMAT = dwarf;
				ENABLE_STRICT_OBJC_MSGSEND = YES;
				ENABLE_TESTABILITY = YES;
				GCC_C_LANGUAGE_STANDARD = gnu99;
				GCC_DYNAMIC_NO_PIC = NO;
				GCC_NO_COMMON_BLOCKS = YES;
				GCC_OPTIMIZATION_LEVEL = 0;
				GCC_PREPROCESSOR_DEFINITIONS = (
					"DEBUG=1",
					"$(inherited)",
				);
				GCC_WARN_64_TO_32_BIT_CONVERSION = YES;
				GCC_WARN_ABOUT_RETURN_TYPE = YES_ERROR;
				GCC_WARN_UNDECLARED_SELECTOR = YES;
				GCC_WARN_UNINITIALIZED_AUTOS = YES_AGGRESSIVE;
				GCC_WARN_UNUSED_FUNCTION = YES;
				GCC_WARN_UNUSED_VARIABLE = YES;
				MACOSX_DEPLOYMENT_TARGET = 10.10;
				MTL_ENABLE_DEBUG_INFO = YES;
				ONLY_ACTIVE_ARCH = YES;
				SDKROOT = macosx;
				SWIFT_OPTIMIZATION_LEVEL = "-Onone";
			};
			name = Debug;
		};
		5BCE00FC1C5DB25A004C2B3A /* Release */ = {
			isa = XCBuildConfiguration;
			buildSettings = {
				ALWAYS_SEARCH_USER_PATHS = NO;
				CLANG_CXX_LANGUAGE_STANDARD = "gnu++0x";
				CLANG_CXX_LIBRARY = "libc++";
				CLANG_ENABLE_MODULES = YES;
				CLANG_ENABLE_OBJC_ARC = YES;
				CLANG_WARN_BOOL_CONVERSION = YES;
				CLANG_WARN_CONSTANT_CONVERSION = YES;
				CLANG_WARN_DIRECT_OBJC_ISA_USAGE = YES_ERROR;
				CLANG_WARN_EMPTY_BODY = YES;
				CLANG_WARN_ENUM_CONVERSION = YES;
				CLANG_WARN_INT_CONVERSION = YES;
				CLANG_WARN_OBJC_ROOT_CLASS = YES_ERROR;
				CLANG_WARN_UNREACHABLE_CODE = YES;
				CLANG_WARN__DUPLICATE_METHOD_MATCH = YES;
				CODE_SIGN_IDENTITY = "-";
				COPY_PHASE_STRIP = NO;
				DEBUG_INFORMATION_FORMAT = "dwarf-with-dsym";
				ENABLE_NS_ASSERTIONS = NO;
				ENABLE_STRICT_OBJC_MSGSEND = YES;
				GCC_C_LANGUAGE_STANDARD = gnu99;
				GCC_NO_COMMON_BLOCKS = YES;
				GCC_WARN_64_TO_32_BIT_CONVERSION = YES;
				GCC_WARN_ABOUT_RETURN_TYPE = YES_ERROR;
				GCC_WARN_UNDECLARED_SELECTOR = YES;
				GCC_WARN_UNINITIALIZED_AUTOS = YES_AGGRESSIVE;
				GCC_WARN_UNUSED_FUNCTION = YES;
				GCC_WARN_UNUSED_VARIABLE = YES;
				MACOSX_DEPLOYMENT_TARGET = 10.10;
				MTL_ENABLE_DEBUG_INFO = NO;
				SDKROOT = macosx;
			};
			name = Release;
		};
		5BCE00FE1C5DB25A004C2B3A /* Debug */ = {
			isa = XCBuildConfiguration;
			buildSettings = {
				PRODUCT_NAME = "$(TARGET_NAME)";
			};
			name = Debug;
		};
		5BCE00FF1C5DB25A004C2B3A /* Release */ = {
			isa = XCBuildConfiguration;
			buildSettings = {
				PRODUCT_NAME = "$(TARGET_NAME)";
			};
			name = Release;
		};
/* End XCBuildConfiguration section */

/* Begin XCConfigurationList section */
		5BCE00F11C5DB25A004C2B3A /* Build configuration list for PBXProject "HuangYen-Jung-hw1" */ = {
			isa = XCConfigurationList;
			buildConfigurations = (
				5BCE00FB1C5DB25A004C2B3A /* Debug */,
				5BCE00FC1C5DB25A004C2B3A /* Release */,
			);
			defaultConfigurationIsVisible = 0;
			defaultConfigurationName = Release;
		};
		5BCE00FD1C5DB25A004C2B3A /* Build configuration list for PBXNativeTarget "HuangYen-Jung-hw1" */ = {
			isa = XCConfigurationList;
			buildConfigurations = (
				5BCE00FE1C5DB25A004C2B3A /* Debug */,
				5BCE00FF1C5DB25A004C2B3A /* Release */,
			);
			defaultConfigurationIsVisible = 0;
		};
/* End XCConfigurationList section */
	};
	rootObject = 5BCE00EE1C5DB25A004C2B3A /* Project object */;
}
